
Microsoft Visual Studio Solution File, Format Version 12.00
# Visual Studio 15
VisualStudioVersion = 15.0.28307.421
MinimumVisualStudioVersion = 10.0.40219.1
Project("{9A19103F-16F7-4668-BE54-9A1E7A4F7556}") = "MyBGServer", "MyBGServer\MyBGServer.csproj", "{DEFC08A9-C391-4E34-8F80-A7AACE435A1B}"
EndProject
Project("{FAE04EC0-301F-11D3-BF4B-00C04F79EFBC}") = "BGClient", "BGClient\BGClient.csproj", "{68350D00-61B0-4CF3-BC2B-1626D733AC64}"
EndProject
Global
	GlobalSection(SolutionConfigurationPlatforms) = preSolution
		Debug|Any CPU = Debug|Any CPU
		Debug|ARM = Debug|ARM
		Debug|ARM64 = Debug|ARM64
		Debug|x64 = Debug|x64
		Debug|x86 = Debug|x86
		Release|Any CPU = Release|Any CPU
		Release|ARM = Release|ARM
		Release|ARM64 = Release|ARM64
		Release|x64 = Release|x64
		Release|x86 = Release|x86
	EndGlobalSection
	GlobalSection(ProjectConfigurationPlatforms) = postSolution
		{DEFC08A9-C391-4E34-8F80-A7AACE435A1B}.Debug|Any CPU.ActiveCfg = Debug|Any CPU
		{DEFC08A9-C391-4E34-8F80-A7AACE435A1B}.Debug|Any CPU.Build.0 = Debug|Any CPU
		{DEFC08A9-C391-4E34-8F80-A7AACE435A1B}.Debug|ARM.ActiveCfg = Debug|Any CPU
		{DEFC08A9-C391-4E34-8F80-A7AACE435A1B}.Debug|ARM.Build.0 = Debug|Any CPU
		{DEFC08A9-C391-4E34-8F80-A7AACE435A1B}.Debug|ARM64.ActiveCfg = Debug|Any CPU
		{DEFC08A9-C391-4E34-8F80-A7AACE435A1B}.Debug|ARM64.Build.0 = Debug|Any CPU
		{DEFC08A9-C391-4E34-8F80-A7AACE435A1B}.Debug|x64.ActiveCfg = Debug|Any CPU
		{DEFC08A9-C391-4E34-8F80-A7AACE435A1B}.Debug|x64.Build.0 = Debug|Any CPU
		{DEFC08A9-C391-4E34-8F80-A7AACE435A1B}.Debug|x86.ActiveCfg = Debug|Any CPU
		{DEFC08A9-C391-4E34-8F80-A7AACE435A1B}.Debug|x86.Build.0 = Debug|Any CPU
		{DEFC08A9-C391-4E34-8F80-A7AACE435A1B}.Release|Any CPU.ActiveCfg = Release|Any CPU
		{DEFC08A9-C391-4E34-8F80-A7AACE435A1B}.Release|Any CPU.Build.0 = Release|Any CPU
		{DEFC08A9-C391-4E34-8F80-A7AACE435A1B}.Release|ARM.ActiveCfg = Release|Any CPU
		{DEFC08A9-C391-4E34-8F80-A7AACE435A1B}.Release|ARM.Build.0 = Release|Any CPU
		{DEFC08A9-C391-4E34-8F80-A7AACE435A1B}.Release|ARM64.ActiveCfg = Release|Any CPU
		{DEFC08A9-C391-4E34-8F80-A7AACE435A1B}.Release|ARM64.Build.0 = Release|Any CPU
		{DEFC08A9-C391-4E34-8F80-A7AACE435A1B}.Release|x64.ActiveCfg = Release|Any CPU
		{DEFC08A9-C391-4E34-8F80-A7AACE435A1B}.Release|x64.Build.0 = Release|Any CPU
		{DEFC08A9-C391-4E34-8F80-A7AACE435A1B}.Release|x86.ActiveCfg = Release|Any CPU
		{DEFC08A9-C391-4E34-8F80-A7AACE435A1B}.Release|x86.Build.0 = Release|Any CPU
		{68350D00-61B0-4CF3-BC2B-1626D733AC64}.Debug|Any CPU.ActiveCfg = Debug|x86
		{68350D00-61B0-4CF3-BC2B-1626D733AC64}.Debug|Any CPU.Build.0 = Debug|x86
		{68350D00-61B0-4CF3-BC2B-1626D733AC64}.Debug|ARM.ActiveCfg = Debug|ARM
		{68350D00-61B0-4CF3-BC2B-1626D733AC64}.Debug|ARM.Build.0 = Debug|ARM
		{68350D00-61B0-4CF3-BC2B-1626D733AC64}.Debug|ARM.Deploy.0 = Debug|ARM
		{68350D00-61B0-4CF3-BC2B-1626D733AC64}.Debug|ARM64.ActiveCfg = Debug|ARM64
		{68350D00-61B0-4CF3-BC2B-1626D733AC64}.Debug|ARM64.Build.0 = Debug|ARM64
		{68350D00-61B0-4CF3-BC2B-1626D733AC64}.Debug|ARM64.Deploy.0 = Debug|ARM64
		{68350D00-61B0-4CF3-BC2B-1626D733AC64}.Debug|x64.ActiveCfg = Debug|x64
		{68350D00-61B0-4CF3-BC2B-1626D733AC64}.Debug|x64.Build.0 = Debug|x64
		{68350D00-61B0-4CF3-BC2B-1626D733AC64}.Debug|x64.Deploy.0 = Debug|x64
		{68350D00-61B0-4CF3-BC2B-1626D733AC64}.Debug|x86.ActiveCfg = Debug|x86
		{68350D00-61B0-4CF3-BC2B-1626D733AC64}.Debug|x86.Build.0 = Debug|x86
		{68350D00-61B0-4CF3-BC2B-1626D733AC64}.Debug|x86.Deploy.0 = Debug|x86
		{68350D00-61B0-4CF3-BC2B-1626D733AC64}.Release|Any CPU.ActiveCfg = Release|x86
		{68350D00-61B0-4CF3-BC2B-1626D733AC64}.Release|ARM.ActiveCfg = Release|ARM
		{68350D00-61B0-4CF3-BC2B-1626D733AC64}.Release|ARM.Build.0 = Release|ARM
		{68350D00-61B0-4CF3-BC2B-1626D733AC64}.Release|ARM.Deploy.0 = Release|ARM
		{68350D00-61B0-4CF3-BC2B-1626D733AC64}.Release|ARM64.ActiveCfg = Release|ARM64
		{68350D00-61B0-4CF3-BC2B-1626D733AC64}.Release|ARM64.Build.0 = Release|ARM64
		{68350D00-61B0-4CF3-BC2B-1626D733AC64}.Release|ARM64.Deploy.0 = Release|ARM64
		{68350D00-61B0-4CF3-BC2B-1626D733AC64}.Release|x64.ActiveCfg = Release|x64
		{68350D00-61B0-4CF3-BC2B-1626D733AC64}.Release|x64.Build.0 = Release|x64
		{68350D00-61B0-4CF3-BC2B-1626D733AC64}.Release|x64.Deploy.0 = Release|x64
		{68350D00-61B0-4CF3-BC2B-1626D733AC64}.Release|x86.ActiveCfg = Release|x86
		{68350D00-61B0-4CF3-BC2B-1626D733AC64}.Release|x86.Build.0 = Release|x86
		{68350D00-61B0-4CF3-BC2B-1626D733AC64}.Release|x86.Deploy.0 = Release|x86
	EndGlobalSection
	GlobalSection(SolutionProperties) = preSolution
		HideSolutionNode = FALSE
	EndGlobalSection
	GlobalSection(ExtensibilityGlobals) = postSolution
		SolutionGuid = {B091EF0F-81EC-4F7A-A8C7-2DD35D32CCF9}
	EndGlobalSection
EndGlobal
